// !$*UTF8*$!
{
	archiveVersion = 1;
	classes = {
	};
	objectVersion = 55;
	objects = {

/* Begin PBXBuildFile section */
		9629DCF927A79B250082A929 /* PaletteStore.swift in Sources */ = {isa = PBXBuildFile; fileRef = 9629DCF827A79B250082A929 /* PaletteStore.swift */; };
		9629DCFB27A7F78A0082A929 /* PaletteChooser.swift in Sources */ = {isa = PBXBuildFile; fileRef = 9629DCFA27A7F78A0082A929 /* PaletteChooser.swift */; };
		9629DCFD27A83BF00082A929 /* PaletteEditor.swift in Sources */ = {isa = PBXBuildFile; fileRef = 9629DCFC27A83BF00082A929 /* PaletteEditor.swift */; };
		9629DCFF27A83C130082A929 /* PaletteManager.swift in Sources */ = {isa = PBXBuildFile; fileRef = 9629DCFE27A83C130082A929 /* PaletteManager.swift */; };
		9672293C27A3C31900D0F011 /* EmojiArtApp.swift in Sources */ = {isa = PBXBuildFile; fileRef = 9672293B27A3C31900D0F011 /* EmojiArtApp.swift */; };
		9672293E27A3C31900D0F011 /* EmojiArtDocumentView.swift in Sources */ = {isa = PBXBuildFile; fileRef = 9672293D27A3C31900D0F011 /* EmojiArtDocumentView.swift */; };
		9672294027A3C31A00D0F011 /* Assets.xcassets in Resources */ = {isa = PBXBuildFile; fileRef = 9672293F27A3C31A00D0F011 /* Assets.xcassets */; };
		9672294327A3C31A00D0F011 /* Preview Assets.xcassets in Resources */ = {isa = PBXBuildFile; fileRef = 9672294227A3C31A00D0F011 /* Preview Assets.xcassets */; };
		9672294A27A3C75900D0F011 /* EmojiArtModel.swift in Sources */ = {isa = PBXBuildFile; fileRef = 9672294927A3C75900D0F011 /* EmojiArtModel.swift */; };
		9672294C27A3D51B00D0F011 /* EmojiArtModel.Background.swift in Sources */ = {isa = PBXBuildFile; fileRef = 9672294B27A3D51B00D0F011 /* EmojiArtModel.Background.swift */; };
		9672294E27A3DF8200D0F011 /* UtilityExtensions.swift in Sources */ = {isa = PBXBuildFile; fileRef = 9672294D27A3DF8200D0F011 /* UtilityExtensions.swift */; };
		9672295027A3DF9800D0F011 /* UtilityViews.swift in Sources */ = {isa = PBXBuildFile; fileRef = 9672294F27A3DF9800D0F011 /* UtilityViews.swift */; };
		9672295227A3DFBD00D0F011 /* EmojiArtDocument.swift in Sources */ = {isa = PBXBuildFile; fileRef = 9672295127A3DFBD00D0F011 /* EmojiArtDocument.swift */; };
/* End PBXBuildFile section */

/* Begin PBXFileReference section */
		9629DCF827A79B250082A929 /* PaletteStore.swift */ = {isa = PBXFileReference; lastKnownFileType = sourcecode.swift; path = PaletteStore.swift; sourceTree = "<group>"; };
		9629DCFA27A7F78A0082A929 /* PaletteChooser.swift */ = {isa = PBXFileReference; lastKnownFileType = sourcecode.swift; path = PaletteChooser.swift; sourceTree = "<group>"; };
		9629DCFC27A83BF00082A929 /* PaletteEditor.swift */ = {isa = PBXFileReference; lastKnownFileType = sourcecode.swift; path = PaletteEditor.swift; sourceTree = "<group>"; };
		9629DCFE27A83C130082A929 /* PaletteManager.swift */ = {isa = PBXFileReference; lastKnownFileType = sourcecode.swift; path = PaletteManager.swift; sourceTree = "<group>"; };
		9629DD0327AA69AB0082A929 /* Info.plist */ = {isa = PBXFileReference; lastKnownFileType = text.plist; path = Info.plist; sourceTree = "<group>"; };
		9672293827A3C31900D0F011 /* EmojiArt.app */ = {isa = PBXFileReference; explicitFileType = wrapper.application; includeInIndex = 0; path = EmojiArt.app; sourceTree = BUILT_PRODUCTS_DIR; };
		9672293B27A3C31900D0F011 /* EmojiArtApp.swift */ = {isa = PBXFileReference; lastKnownFileType = sourcecode.swift; path = EmojiArtApp.swift; sourceTree = "<group>"; };
		9672293D27A3C31900D0F011 /* EmojiArtDocumentView.swift */ = {isa = PBXFileReference; lastKnownFileType = sourcecode.swift; path = EmojiArtDocumentView.swift; sourceTree = "<group>"; };
		9672293F27A3C31A00D0F011 /* Assets.xcassets */ = {isa = PBXFileReference; lastKnownFileType = folder.assetcatalog; path = Assets.xcassets; sourceTree = "<group>"; };
		9672294227A3C31A00D0F011 /* Preview Assets.xcassets */ = {isa = PBXFileReference; lastKnownFileType = folder.assetcatalog; path = "Preview Assets.xcassets"; sourceTree = "<group>"; };
		9672294927A3C75900D0F011 /* EmojiArtModel.swift */ = {isa = PBXFileReference; lastKnownFileType = sourcecode.swift; path = EmojiArtModel.swift; sourceTree = "<group>"; };
		9672294B27A3D51B00D0F011 /* EmojiArtModel.Background.swift */ = {isa = PBXFileReference; lastKnownFileType = sourcecode.swift; path = EmojiArtModel.Background.swift; sourceTree = "<group>"; };
		9672294D27A3DF8200D0F011 /* UtilityExtensions.swift */ = {isa = PBXFileReference; lastKnownFileType = sourcecode.swift; path = UtilityExtensions.swift; sourceTree = "<group>"; };
		9672294F27A3DF9800D0F011 /* UtilityViews.swift */ = {isa = PBXFileReference; lastKnownFileType = sourcecode.swift; path = UtilityViews.swift; sourceTree = "<group>"; };
		9672295127A3DFBD00D0F011 /* EmojiArtDocument.swift */ = {isa = PBXFileReference; lastKnownFileType = sourcecode.swift; path = EmojiArtDocument.swift; sourceTree = "<group>"; };
/* End PBXFileReference section */

/* Begin PBXFrameworksBuildPhase section */
		9672293527A3C31900D0F011 /* Frameworks */ = {
			isa = PBXFrameworksBuildPhase;
			buildActionMask = 2147483647;
			files = (
			);
			runOnlyForDeploymentPostprocessing = 0;
		};
/* End PBXFrameworksBuildPhase section */

/* Begin PBXGroup section */
		9672292F27A3C31900D0F011 = {
			isa = PBXGroup;
			children = (
				9672293A27A3C31900D0F011 /* EmojiArt */,
				9672293927A3C31900D0F011 /* Products */,
			);
			sourceTree = "<group>";
		};
		9672293927A3C31900D0F011 /* Products */ = {
			isa = PBXGroup;
			children = (
				9672293827A3C31900D0F011 /* EmojiArt.app */,
			);
			name = Products;
			sourceTree = "<group>";
		};
		9672293A27A3C31900D0F011 /* EmojiArt */ = {
			isa = PBXGroup;
			children = (
				9629DD0327AA69AB0082A929 /* Info.plist */,
				9672293B27A3C31900D0F011 /* EmojiArtApp.swift */,
				9672294927A3C75900D0F011 /* EmojiArtModel.swift */,
				9672294D27A3DF8200D0F011 /* UtilityExtensions.swift */,
				9672294F27A3DF9800D0F011 /* UtilityViews.swift */,
				9672294B27A3D51B00D0F011 /* EmojiArtModel.Background.swift */,
				9672295127A3DFBD00D0F011 /* EmojiArtDocument.swift */,
				9629DCF827A79B250082A929 /* PaletteStore.swift */,
				9629DCFC27A83BF00082A929 /* PaletteEditor.swift */,
				9629DCFE27A83C130082A929 /* PaletteManager.swift */,
				9629DCFA27A7F78A0082A929 /* PaletteChooser.swift */,
				9672293D27A3C31900D0F011 /* EmojiArtDocumentView.swift */,
				9672293F27A3C31A00D0F011 /* Assets.xcassets */,
				9672294127A3C31A00D0F011 /* Preview Content */,
			);
			path = EmojiArt;
			sourceTree = "<group>";
		};
		9672294127A3C31A00D0F011 /* Preview Content */ = {
			isa = PBXGroup;
			children = (
				9672294227A3C31A00D0F011 /* Preview Assets.xcassets */,
			);
			path = "Preview Content";
			sourceTree = "<group>";
		};
/* End PBXGroup section */

/* Begin PBXNativeTarget section */
		9672293727A3C31900D0F011 /* EmojiArt */ = {
			isa = PBXNativeTarget;
			buildConfigurationList = 9672294627A3C31A00D0F011 /* Build configuration list for PBXNativeTarget "EmojiArt" */;
			buildPhases = (
				9672293427A3C31900D0F011 /* Sources */,
				9672293527A3C31900D0F011 /* Frameworks */,
				9672293627A3C31900D0F011 /* Resources */,
			);
			buildRules = (
			);
			dependencies = (
			);
			name = EmojiArt;
			productName = EmojiArt;
			productReference = 9672293827A3C31900D0F011 /* EmojiArt.app */;
			productType = "com.apple.product-type.application";
		};
/* End PBXNativeTarget section */

/* Begin PBXProject section */
		9672293027A3C31900D0F011 /* Project object */ = {
			isa = PBXProject;
			attributes = {
				BuildIndependentTargetsInParallel = 1;
				LastSwiftUpdateCheck = 1320;
				LastUpgradeCheck = 1320;
				TargetAttributes = {
					9672293727A3C31900D0F011 = {
						CreatedOnToolsVersion = 13.2.1;
					};
				};
			};
			buildConfigurationList = 9672293327A3C31900D0F011 /* Build configuration list for PBXProject "EmojiArt" */;
			compatibilityVersion = "Xcode 13.0";
			developmentRegion = en;
			hasScannedForEncodings = 0;
			knownRegions = (
				en,
				Base,
			);
			mainGroup = 9672292F27A3C31900D0F011;
			productRefGroup = 9672293927A3C31900D0F011 /* Products */;
			projectDirPath = "";
			projectRoot = "";
			targets = (
				9672293727A3C31900D0F011 /* EmojiArt */,
			);
		};
/* End PBXProject section */

/* Begin PBXResourcesBuildPhase section */
		9672293627A3C31900D0F011 /* Resources */ = {
			isa = PBXResourcesBuildPhase;
			buildActionMask = 2147483647;
			files = (
				9672294327A3C31A00D0F011 /* Preview Assets.xcassets in Resources */,
				9672294027A3C31A00D0F011 /* Assets.xcassets in Resources */,
			);
			runOnlyForDeploymentPostprocessing = 0;
		};
/* End PBXResourcesBuildPhase section */

/* Begin PBXSourcesBuildPhase section */
		9672293427A3C31900D0F011 /* Sources */ = {
			isa = PBXSourcesBuildPhase;
			buildActionMask = 2147483647;
			files = (
				9672293E27A3C31900D0F011 /* EmojiArtDocumentView.swift in Sources */,
				9629DCFF27A83C130082A929 /* PaletteManager.swift in Sources */,
				9629DCF927A79B250082A929 /* PaletteStore.swift in Sources */,
				9629DCFD27A83BF00082A929 /* PaletteEditor.swift in Sources */,
				9672293C27A3C31900D0F011 /* EmojiArtApp.swift in Sources */,
				9672294A27A3C75900D0F011 /* EmojiArtModel.swift in Sources */,
				9672295027A3DF9800D0F011 /* UtilityViews.swift in Sources */,
				9672295227A3DFBD00D0F011 /* EmojiArtDocument.swift in Sources */,
				9672294E27A3DF8200D0F011 /* UtilityExtensions.swift in Sources */,
				9672294C27A3D51B00D0F011 /* EmojiArtModel.Background.swift in Sources */,
				9629DCFB27A7F78A0082A929 /* PaletteChooser.swift in Sources */,
			);
			runOnlyForDeploymentPostprocessing = 0;
		};
/* End PBXSourcesBuildPhase section */

/* Begin XCBuildConfiguration section */
		9672294427A3C31A00D0F011 /* Debug */ = {
			isa = XCBuildConfiguration;
			buildSettings = {
				ALWAYS_SEARCH_USER_PATHS = NO;
				CLANG_ANALYZER_NONNULL = YES;
				CLANG_ANALYZER_NUMBER_OBJECT_CONVERSION = YES_AGGRESSIVE;
				CLANG_CXX_LANGUAGE_STANDARD = "gnu++17";
				CLANG_CXX_LIBRARY = "libc++";
				CLANG_ENABLE_MODULES = YES;
				CLANG_ENABLE_OBJC_ARC = YES;
				CLANG_ENABLE_OBJC_WEAK = YES;
				CLANG_WARN_BLOCK_CAPTURE_AUTORELEASING = YES;
				CLANG_WARN_BOOL_CONVERSION = YES;
				CLANG_WARN_COMMA = YES;
				CLANG_WARN_CONSTANT_CONVERSION = YES;
				CLANG_WARN_DEPRECATED_OBJC_IMPLEMENTATIONS = YES;
				CLANG_WARN_DIRECT_OBJC_ISA_USAGE = YES_ERROR;
				CLANG_WARN_DOCUMENTATION_COMMENTS = YES;
				CLANG_WARN_EMPTY_BODY = YES;
				CLANG_WARN_ENUM_CONVERSION = YES;
				CLANG_WARN_INFINITE_RECURSION = YES;
				CLANG_WARN_INT_CONVERSION = YES;
				CLANG_WARN_NON_LITERAL_NULL_CONVERSION = YES;
				CLANG_WARN_OBJC_IMPLICIT_RETAIN_SELF = YES;
				CLANG_WARN_OBJC_LITERAL_CONVERSION = YES;
				CLANG_WARN_OBJC_ROOT_CLASS = YES_ERROR;
				CLANG_WARN_QUOTED_INCLUDE_IN_FRAMEWORK_HEADER = YES;
				CLANG_WARN_RANGE_LOOP_ANALYSIS = YES;
				CLANG_WARN_STRICT_PROTOTYPES = YES;
				CLANG_WARN_SUSPICIOUS_MOVE = YES;
				CLANG_WARN_UNGUARDED_AVAILABILITY = YES_AGGRESSIVE;
				CLANG_WARN_UNREACHABLE_CODE = YES;
				CLANG_WARN__DUPLICATE_METHOD_MATCH = YES;
				COPY_PHASE_STRIP = NO;
				DEBUG_INFORMATION_FORMAT = dwarf;
				ENABLE_STRICT_OBJC_MSGSEND = YES;
				ENABLE_TESTABILITY = YES;
				ENABLE_USER_SELECTED_FILES = "";
				GCC_C_LANGUAGE_STANDARD = gnu11;
				GCC_DYNAMIC_NO_PIC = NO;
				GCC_NO_COMMON_BLOCKS = YES;
				GCC_OPTIMIZATION_LEVEL = 0;
				GCC_PREPROCESSOR_DEFINITIONS = (
					"DEBUG=1",
					"$(inherited)",
				);
				GCC_WARN_64_TO_32_BIT_CONVERSION = YES;
				GCC_WARN_ABOUT_RETURN_TYPE = YES_ERROR;
				GCC_WARN_UNDECLARED_SELECTOR = YES;
				GCC_WARN_UNINITIALIZED_AUTOS = YES_AGGRESSIVE;
				GCC_WARN_UNUSED_FUNCTION = YES;
				GCC_WARN_UNUSED_VARIABLE = YES;
				IPHONEOS_DEPLOYMENT_TARGET = 14.0;
				MTL_ENABLE_DEBUG_INFO = INCLUDE_SOURCE;
				MTL_FAST_MATH = YES;
				ONLY_ACTIVE_ARCH = YES;
				SDKROOT = iphoneos;
				SWIFT_ACTIVE_COMPILATION_CONDITIONS = DEBUG;
				SWIFT_OPTIMIZATION_LEVEL = "-Onone";
			};
			name = Debug;
		};
		9672294527A3C31A00D0F011 /* Release */ = {
			isa = XCBuildConfiguration;
			buildSettings = {
				ALWAYS_SEARCH_USER_PATHS = NO;
				CLANG_ANALYZER_NONNULL = YES;
				CLANG_ANALYZER_NUMBER_OBJECT_CONVERSION = YES_AGGRESSIVE;
				CLANG_CXX_LANGUAGE_STANDARD = "gnu++17";
				CLANG_CXX_LIBRARY = "libc++";
				CLANG_ENABLE_MODULES = YES;
				CLANG_ENABLE_OBJC_ARC = YES;
				CLANG_ENABLE_OBJC_WEAK = YES;
				CLANG_WARN_BLOCK_CAPTURE_AUTORELEASING = YES;
				CLANG_WARN_BOOL_CONVERSION = YES;
				CLANG_WARN_COMMA = YES;
				CLANG_WARN_CONSTANT_CONVERSION = YES;
				CLANG_WARN_DEPRECATED_OBJC_IMPLEMENTATIONS = YES;
				CLANG_WARN_DIRECT_OBJC_ISA_USAGE = YES_ERROR;
				CLANG_WARN_DOCUMENTATION_COMMENTS = YES;
				CLANG_WARN_EMPTY_BODY = YES;
				CLANG_WARN_ENUM_CONVERSION = YES;
				CLANG_WARN_INFINITE_RECURSION = YES;
				CLANG_WARN_INT_CONVERSION = YES;
				CLANG_WARN_NON_LITERAL_NULL_CONVERSION = YES;
				CLANG_WARN_OBJC_IMPLICIT_RETAIN_SELF = YES;
				CLANG_WARN_OBJC_LITERAL_CONVERSION = YES;
				CLANG_WARN_OBJC_ROOT_CLASS = YES_ERROR;
				CLANG_WARN_QUOTED_INCLUDE_IN_FRAMEWORK_HEADER = YES;
				CLANG_WARN_RANGE_LOOP_ANALYSIS = YES;
				CLANG_WARN_STRICT_PROTOTYPES = YES;
				CLANG_WARN_SUSPICIOUS_MOVE = YES;
				CLANG_WARN_UNGUARDED_AVAILABILITY = YES_AGGRESSIVE;
				CLANG_WARN_UNREACHABLE_CODE = YES;
				CLANG_WARN__DUPLICATE_METHOD_MATCH = YES;
				COPY_PHASE_STRIP = NO;
				DEBUG_INFORMATION_FORMAT = "dwarf-with-dsym";
				ENABLE_NS_ASSERTIONS = NO;
				ENABLE_STRICT_OBJC_MSGSEND = YES;
				ENABLE_USER_SELECTED_FILES = "";
				GCC_C_LANGUAGE_STANDARD = gnu11;
				GCC_NO_COMMON_BLOCKS = YES;
				GCC_WARN_64_TO_32_BIT_CONVERSION = YES;
				GCC_WARN_ABOUT_RETURN_TYPE = YES_ERROR;
				GCC_WARN_UNDECLARED_SELECTOR = YES;
				GCC_WARN_UNINITIALIZED_AUTOS = YES_AGGRESSIVE;
				GCC_WARN_UNUSED_FUNCTION = YES;
				GCC_WARN_UNUSED_VARIABLE = YES;
				IPHONEOS_DEPLOYMENT_TARGET = 14.0;
				MTL_ENABLE_DEBUG_INFO = NO;
				MTL_FAST_MATH = YES;
				SDKROOT = iphoneos;
				SWIFT_COMPILATION_MODE = wholemodule;
				SWIFT_OPTIMIZATION_LEVEL = "-O";
				VALIDATE_PRODUCT = YES;
			};
			name = Release;
		};
		9672294727A3C31A00D0F011 /* Debug */ = {
			isa = XCBuildConfiguration;
			buildSettings = {
				ASSETCATALOG_COMPILER_APPICON_NAME = "AppIcon-1";
				ASSETCATALOG_COMPILER_GLOBAL_ACCENT_COLOR_NAME = AccentColor;
				CODE_SIGN_STYLE = Automatic;
				CURRENT_PROJECT_VERSION = 1;
				DEVELOPMENT_ASSET_PATHS = "\"EmojiArt/Preview Content\"";
				DEVELOPMENT_TEAM = 9JR855JWZY;
				ENABLE_PREVIEWS = YES;
				GENERATE_INFOPLIST_FILE = YES;
				INFOPLIST_FILE = EmojiArt/Info.plist;
				INFOPLIST_KEY_UIApplicationSceneManifest_Generation = YES;
				INFOPLIST_KEY_UIApplicationSupportsIndirectInputEvents = YES;
				INFOPLIST_KEY_UILaunchScreen_Generation = YES;
				INFOPLIST_KEY_UISupportedInterfaceOrientations_iPad = "UIInterfaceOrientationPortrait UIInterfaceOrientationPortraitUpsideDown UIInterfaceOrientationLandscapeLeft UIInterfaceOrientationLandscapeRight";
				INFOPLIST_KEY_UISupportedInterfaceOrientations_iPhone = "UIInterfaceOrientationPortrait UIInterfaceOrientationLandscapeLeft UIInterfaceOrientationLandscapeRight";
				IPHONEOS_DEPLOYMENT_TARGET = 14.5;
				LD_RUNPATH_SEARCH_PATHS = (
					"$(inherited)",
					"@executable_path/Frameworks",
				);
				MARKETING_VERSION = 1.0;
				PRODUCT_BUNDLE_IDENTIFIER = com.sukrit.EmojiArt;
				PRODUCT_NAME = "$(TARGET_NAME)";
				SWIFT_EMIT_LOC_STRINGS = YES;
				SWIFT_VERSION = 5.0;
				TARGETED_DEVICE_FAMILY = "1,2";
			};
			name = Debug;
		};
		9672294827A3C31A00D0F011 /* Release */ = {
			isa = XCBuildConfiguration;
			buildSettings = {
				ASSETCATALOG_COMPILER_APPICON_NAME = "AppIcon-1";
				ASSETCATALOG_COMPILER_GLOBAL_ACCENT_COLOR_NAME = AccentColor;
				CODE_SIGN_STYLE = Automatic;
				CURRENT_PROJECT_VERSION = 1;
				DEVELOPMENT_ASSET_PATHS = "\"EmojiArt/Preview Content\"";
				DEVELOPMENT_TEAM = 9JR855JWZY;
				ENABLE_PREVIEWS = YES;
				GENERATE_INFOPLIST_FILE = YES;
				INFOPLIST_FILE = EmojiArt/Info.plist;
				INFOPLIST_KEY_UIApplicationSceneManifest_Generation = YES;
				INFOPLIST_KEY_UIApplicationSupportsIndirectInputEvents = YES;
				INFOPLIST_KEY_UILaunchScreen_Generation = YES;
				INFOPLIST_KEY_UISupportedInterfaceOrientations_iPad = "UIInterfaceOrientationPortrait UIInterfaceOrientationPortraitUpsideDown UIInterfaceOrientationLandscapeLeft UIInterfaceOrientationLandscapeRight";
				INFOPLIST_KEY_UISupportedInterfaceOrientations_iPhone = "UIInterfaceOrientationPortrait UIInterfaceOrientationLandscapeLeft UIInterfaceOrientationLandscapeRight";
				IPHONEOS_DEPLOYMENT_TARGET = 14.5;
				LD_RUNPATH_SEARCH_PATHS = (
					"$(inherited)",
					"@executable_path/Frameworks",
				);
				MARKETING_VERSION = 1.0;
				PRODUCT_BUNDLE_IDENTIFIER = com.sukrit.EmojiArt;
				PRODUCT_NAME = "$(TARGET_NAME)";
				SWIFT_EMIT_LOC_STRINGS = YES;
				SWIFT_VERSION = 5.0;
				TARGETED_DEVICE_FAMILY = "1,2";
			};
			name = Release;
		};
/* End XCBuildConfiguration section */

/* Begin XCConfigurationList section */
		9672293327A3C31900D0F011 /* Build configuration list for PBXProject "EmojiArt" */ = {
			isa = XCConfigurationList;
			buildConfigurations = (
				9672294427A3C31A00D0F011 /* Debug */,
				9672294527A3C31A00D0F011 /* Release */,
			);
			defaultConfigurationIsVisible = 0;
			defaultConfigurationName = Release;
		};
		9672294627A3C31A00D0F011 /* Build configuration list for PBXNativeTarget "EmojiArt" */ = {
			isa = XCConfigurationList;
			buildConfigurations = (
				9672294727A3C31A00D0F011 /* Debug */,
				9672294827A3C31A00D0F011 /* Release */,
			);
			defaultConfigurationIsVisible = 0;
			defaultConfigurationName = Release;
		};
/* End XCConfigurationList section */
	};
	rootObject = 9672293027A3C31900D0F011 /* Project object */;
}
